
Microsoft Visual Studio Solution File, Format Version 12.00
# Visual Studio 15
VisualStudioVersion = 15.0.28307.168
MinimumVisualStudioVersion = 10.0.40219.1
Project("{FAE04EC0-301F-11D3-BF4B-00C04F79EFBC}") = "03.Zig-Zag-Array", "Zig-Zag-Array\03.Zig-Zag-Array.csproj", "{FC025F40-06C1-4BFD-9C20-C0DD090D3EC8}"
EndProject
Global
	GlobalSection(SolutionConfigurationPlatforms) = preSolution
		Debug|Any CPU = Debug|Any CPU
		Release|Any CPU = Release|Any CPU
	EndGlobalSection
	GlobalSection(ProjectConfigurationPlatforms) = postSolution
		{FC025F40-06C1-4BFD-9C20-C0DD090D3EC8}.Debug|Any CPU.ActiveCfg = Debug|Any CPU
		{FC025F40-06C1-4BFD-9C20-C0DD090D3EC8}.Debug|Any CPU.Build.0 = Debug|Any CPU
		{FC025F40-06C1-4BFD-9C20-C0DD090D3EC8}.Release|Any CPU.ActiveCfg = Release|Any CPU
		{FC025F40-06C1-4BFD-9C20-C0DD090D3EC8}.Release|Any CPU.Build.0 = Release|Any CPU
	EndGlobalSection
	GlobalSection(SolutionProperties) = preSolution
		HideSolutionNode = FALSE
	EndGlobalSection
	GlobalSection(ExtensibilityGlobals) = postSolution
		SolutionGuid = {542C3D36-9AB0-4D54-89A7-BA6C9C4720D9}
	EndGlobalSection
EndGlobal
